// !$*UTF8*$!
{
	archiveVersion = 1;
	classes = {
	};
	objectVersion = 55;
	objects = {

/* Begin PBXBuildFile section */
		060CA8DC285228E50053196E /* AppDelegate.swift in Sources */ = {isa = PBXBuildFile; fileRef = 060CA8DB285228E50053196E /* AppDelegate.swift */; };
		060CA8DE285228E50053196E /* SceneDelegate.swift in Sources */ = {isa = PBXBuildFile; fileRef = 060CA8DD285228E50053196E /* SceneDelegate.swift */; };
		060CA8E0285228E50053196E /* PullRequestViewController.swift in Sources */ = {isa = PBXBuildFile; fileRef = 060CA8DF285228E50053196E /* PullRequestViewController.swift */; };
		060CA8E5285228E70053196E /* Assets.xcassets in Resources */ = {isa = PBXBuildFile; fileRef = 060CA8E4285228E70053196E /* Assets.xcassets */; };
		060CA8E8285228E70053196E /* LaunchScreen.storyboard in Resources */ = {isa = PBXBuildFile; fileRef = 060CA8E6285228E70053196E /* LaunchScreen.storyboard */; };
		0652EE9028CB37FB00470050 /* SnapKit in Frameworks */ = {isa = PBXBuildFile; productRef = 0652EE8F28CB37FB00470050 /* SnapKit */; };
		96174CF874C70C4939600F26 /* Pods_iOSLearningApp.framework in Frameworks */ = {isa = PBXBuildFile; fileRef = 3C5D0A31979953534A04FB9E /* Pods_iOSLearningApp.framework */; };
		9B0F541F28DB0A0400DB21AF /* Utils.swift in Sources */ = {isa = PBXBuildFile; fileRef = 9B0F541E28DB0A0400DB21AF /* Utils.swift */; };
		9B47141228E2462A00791E0C /* LoaderView.swift in Sources */ = {isa = PBXBuildFile; fileRef = 9B47141128E2462A00791E0C /* LoaderView.swift */; };
		9B622CD928D7884D0014DF11 /* UserDetailViewCell.swift in Sources */ = {isa = PBXBuildFile; fileRef = 9B622CD828D7884D0014DF11 /* UserDetailViewCell.swift */; };
		9B622CDB28D7A97E0014DF11 /* ProfileImgTableViewCell.swift in Sources */ = {isa = PBXBuildFile; fileRef = 9B622CDA28D7A97E0014DF11 /* ProfileImgTableViewCell.swift */; };
		9B622CDF28D881A50014DF11 /* ColorConstants.swift in Sources */ = {isa = PBXBuildFile; fileRef = 9B622CDE28D881A50014DF11 /* ColorConstants.swift */; };
		9B622CE128D881B60014DF11 /* SizeConstants.swift in Sources */ = {isa = PBXBuildFile; fileRef = 9B622CE028D881B60014DF11 /* SizeConstants.swift */; };
		9B622CE328D881C60014DF11 /* InfoLabelContsants.swift in Sources */ = {isa = PBXBuildFile; fileRef = 9B622CE228D881C60014DF11 /* InfoLabelContsants.swift */; };
		9B622CE628D88A720014DF11 /* IconConstants.swift in Sources */ = {isa = PBXBuildFile; fileRef = 9B622CE528D88A720014DF11 /* IconConstants.swift */; };
		9BD0EDE628D1D2FC00ACF719 /* StringConstants.swift in Sources */ = {isa = PBXBuildFile; fileRef = 9BD0EDE528D1D2FC00ACF719 /* StringConstants.swift */; };
		9BD0EDEC28D1E8F900ACF719 /* UserDetailViewController.swift in Sources */ = {isa = PBXBuildFile; fileRef = 9BD0EDEB28D1E8F900ACF719 /* UserDetailViewController.swift */; };
		9BD0EDEE28D1F77E00ACF719 /* UserDetailViewModel.swift in Sources */ = {isa = PBXBuildFile; fileRef = 9BD0EDED28D1F77E00ACF719 /* UserDetailViewModel.swift */; };
		9BD0EDF028D1F7BE00ACF719 /* UserDetailModel.swift in Sources */ = {isa = PBXBuildFile; fileRef = 9BD0EDEF28D1F7BE00ACF719 /* UserDetailModel.swift */; };
		9BE000C428D3265F0053854F /* PullRequestAPI.swift in Sources */ = {isa = PBXBuildFile; fileRef = 9BE000C328D3265F0053854F /* PullRequestAPI.swift */; };
		9BE000C628D326970053854F /* UserDetailAPI.swift in Sources */ = {isa = PBXBuildFile; fileRef = 9BE000C528D326970053854F /* UserDetailAPI.swift */; };
		9BE0E91E28CB44750073719F /* ResponseModel.swift in Sources */ = {isa = PBXBuildFile; fileRef = 9BE0E91D28CB44750073719F /* ResponseModel.swift */; };
		9BE74E2C28D06031002ABF80 /* PullRequestViewModel.swift in Sources */ = {isa = PBXBuildFile; fileRef = 9BE74E2B28D06031002ABF80 /* PullRequestViewModel.swift */; };
		9BE74E3128D075F0002ABF80 /* PullRequestTableViewCell.swift in Sources */ = {isa = PBXBuildFile; fileRef = 9BE74E3028D075F0002ABF80 /* PullRequestTableViewCell.swift */; };
		9BE74E3328D07675002ABF80 /* LoaderViewCell.swift in Sources */ = {isa = PBXBuildFile; fileRef = 9BE74E3228D07675002ABF80 /* LoaderViewCell.swift */; };
/* End PBXBuildFile section */

/* Begin PBXCopyFilesBuildPhase section */
		9BE0E91A28CB41360073719F /* Embed Frameworks */ = {
			isa = PBXCopyFilesBuildPhase;
			buildActionMask = 2147483647;
			dstPath = "";
			dstSubfolderSpec = 10;
			files = (
			);
			name = "Embed Frameworks";
			runOnlyForDeploymentPostprocessing = 0;
		};
/* End PBXCopyFilesBuildPhase section */

/* Begin PBXFileReference section */
		060CA8D8285228E50053196E /* iOSLearningApp.app */ = {isa = PBXFileReference; explicitFileType = wrapper.application; includeInIndex = 0; path = iOSLearningApp.app; sourceTree = BUILT_PRODUCTS_DIR; };
		060CA8DB285228E50053196E /* AppDelegate.swift */ = {isa = PBXFileReference; lastKnownFileType = sourcecode.swift; path = AppDelegate.swift; sourceTree = "<group>"; };
		060CA8DD285228E50053196E /* SceneDelegate.swift */ = {isa = PBXFileReference; lastKnownFileType = sourcecode.swift; path = SceneDelegate.swift; sourceTree = "<group>"; };
		060CA8DF285228E50053196E /* PullRequestViewController.swift */ = {isa = PBXFileReference; lastKnownFileType = sourcecode.swift; path = PullRequestViewController.swift; sourceTree = "<group>"; };
		060CA8E4285228E70053196E /* Assets.xcassets */ = {isa = PBXFileReference; lastKnownFileType = folder.assetcatalog; path = Assets.xcassets; sourceTree = "<group>"; };
		060CA8E7285228E70053196E /* Base */ = {isa = PBXFileReference; lastKnownFileType = file.storyboard; name = Base; path = Base.lproj/LaunchScreen.storyboard; sourceTree = "<group>"; };
		060CA8E9285228E70053196E /* Info.plist */ = {isa = PBXFileReference; lastKnownFileType = text.plist.xml; path = Info.plist; sourceTree = "<group>"; };
		3C5D0A31979953534A04FB9E /* Pods_iOSLearningApp.framework */ = {isa = PBXFileReference; explicitFileType = wrapper.framework; includeInIndex = 0; path = Pods_iOSLearningApp.framework; sourceTree = BUILT_PRODUCTS_DIR; };
		999E3FD61687F38B8C9B9F73 /* Pods-iOSLearningApp.debug.xcconfig */ = {isa = PBXFileReference; includeInIndex = 1; lastKnownFileType = text.xcconfig; name = "Pods-iOSLearningApp.debug.xcconfig"; path = "Target Support Files/Pods-iOSLearningApp/Pods-iOSLearningApp.debug.xcconfig"; sourceTree = "<group>"; };
		9B0F541E28DB0A0400DB21AF /* Utils.swift */ = {isa = PBXFileReference; lastKnownFileType = sourcecode.swift; path = Utils.swift; sourceTree = "<group>"; };
		9B47141128E2462A00791E0C /* LoaderView.swift */ = {isa = PBXFileReference; lastKnownFileType = sourcecode.swift; path = LoaderView.swift; sourceTree = "<group>"; };
		9B622CD828D7884D0014DF11 /* UserDetailViewCell.swift */ = {isa = PBXFileReference; lastKnownFileType = sourcecode.swift; path = UserDetailViewCell.swift; sourceTree = "<group>"; };
		9B622CDA28D7A97E0014DF11 /* ProfileImgTableViewCell.swift */ = {isa = PBXFileReference; lastKnownFileType = sourcecode.swift; path = ProfileImgTableViewCell.swift; sourceTree = "<group>"; };
		9B622CDE28D881A50014DF11 /* ColorConstants.swift */ = {isa = PBXFileReference; lastKnownFileType = sourcecode.swift; path = ColorConstants.swift; sourceTree = "<group>"; };
		9B622CE028D881B60014DF11 /* SizeConstants.swift */ = {isa = PBXFileReference; lastKnownFileType = sourcecode.swift; path = SizeConstants.swift; sourceTree = "<group>"; };
		9B622CE228D881C60014DF11 /* InfoLabelContsants.swift */ = {isa = PBXFileReference; lastKnownFileType = sourcecode.swift; path = InfoLabelContsants.swift; sourceTree = "<group>"; };
		9B622CE528D88A720014DF11 /* IconConstants.swift */ = {isa = PBXFileReference; lastKnownFileType = sourcecode.swift; path = IconConstants.swift; sourceTree = "<group>"; };
		9BD0EDE528D1D2FC00ACF719 /* StringConstants.swift */ = {isa = PBXFileReference; lastKnownFileType = sourcecode.swift; path = StringConstants.swift; sourceTree = "<group>"; };
		9BD0EDEB28D1E8F900ACF719 /* UserDetailViewController.swift */ = {isa = PBXFileReference; lastKnownFileType = sourcecode.swift; path = UserDetailViewController.swift; sourceTree = "<group>"; };
		9BD0EDED28D1F77E00ACF719 /* UserDetailViewModel.swift */ = {isa = PBXFileReference; lastKnownFileType = sourcecode.swift; path = UserDetailViewModel.swift; sourceTree = "<group>"; };
		9BD0EDEF28D1F7BE00ACF719 /* UserDetailModel.swift */ = {isa = PBXFileReference; lastKnownFileType = sourcecode.swift; path = UserDetailModel.swift; sourceTree = "<group>"; };
		9BE000C328D3265F0053854F /* PullRequestAPI.swift */ = {isa = PBXFileReference; lastKnownFileType = sourcecode.swift; path = PullRequestAPI.swift; sourceTree = "<group>"; };
		9BE000C528D326970053854F /* UserDetailAPI.swift */ = {isa = PBXFileReference; lastKnownFileType = sourcecode.swift; path = UserDetailAPI.swift; sourceTree = "<group>"; };
		9BE0E91D28CB44750073719F /* ResponseModel.swift */ = {isa = PBXFileReference; lastKnownFileType = sourcecode.swift; path = ResponseModel.swift; sourceTree = "<group>"; };
		9BE74E2B28D06031002ABF80 /* PullRequestViewModel.swift */ = {isa = PBXFileReference; lastKnownFileType = sourcecode.swift; path = PullRequestViewModel.swift; sourceTree = "<group>"; };
		9BE74E3028D075F0002ABF80 /* PullRequestTableViewCell.swift */ = {isa = PBXFileReference; lastKnownFileType = sourcecode.swift; path = PullRequestTableViewCell.swift; sourceTree = "<group>"; };
		9BE74E3228D07675002ABF80 /* LoaderViewCell.swift */ = {isa = PBXFileReference; lastKnownFileType = sourcecode.swift; path = LoaderViewCell.swift; sourceTree = "<group>"; };
		CA2B8381D38986777DE62D03 /* Pods-iOSLearningApp.release.xcconfig */ = {isa = PBXFileReference; includeInIndex = 1; lastKnownFileType = text.xcconfig; name = "Pods-iOSLearningApp.release.xcconfig"; path = "Target Support Files/Pods-iOSLearningApp/Pods-iOSLearningApp.release.xcconfig"; sourceTree = "<group>"; };
/* End PBXFileReference section */

/* Begin PBXFrameworksBuildPhase section */
		060CA8D5285228E50053196E /* Frameworks */ = {
			isa = PBXFrameworksBuildPhase;
			buildActionMask = 2147483647;
			files = (
				0652EE9028CB37FB00470050 /* SnapKit in Frameworks */,
				96174CF874C70C4939600F26 /* Pods_iOSLearningApp.framework in Frameworks */,
			);
			runOnlyForDeploymentPostprocessing = 0;
		};
/* End PBXFrameworksBuildPhase section */

/* Begin PBXGroup section */
		060CA8CF285228E50053196E = {
			isa = PBXGroup;
			children = (
				060CA8DA285228E50053196E /* iOSLearningApp */,
				060CA8D9285228E50053196E /* Products */,
				9BE0E91628CB41360073719F /* Frameworks */,
				F4C549F4B71131AA99E71056 /* Pods */,
			);
			sourceTree = "<group>";
		};
		060CA8D9285228E50053196E /* Products */ = {
			isa = PBXGroup;
			children = (
				060CA8D8285228E50053196E /* iOSLearningApp.app */,
			);
			name = Products;
			sourceTree = "<group>";
		};
		060CA8DA285228E50053196E /* iOSLearningApp */ = {
			isa = PBXGroup;
			children = (
				9B47141028E2460E00791E0C /* LoaderView */,
				9B0F541D28DB09EF00DB21AF /* Utils */,
				9B622CDD28D880D70014DF11 /* Constants */,
				9BD0EDEA28D1E7D800ACF719 /* UserDetailView */,
				9BD0EDE928D1E77300ACF719 /* PullRequestView */,
				060CA8DB285228E50053196E /* AppDelegate.swift */,
				060CA8DD285228E50053196E /* SceneDelegate.swift */,
				060CA8E4285228E70053196E /* Assets.xcassets */,
				060CA8E6285228E70053196E /* LaunchScreen.storyboard */,
				060CA8E9285228E70053196E /* Info.plist */,
			);
			path = iOSLearningApp;
			sourceTree = "<group>";
		};
		9B0F541D28DB09EF00DB21AF /* Utils */ = {
			isa = PBXGroup;
			children = (
				9B0F541E28DB0A0400DB21AF /* Utils.swift */,
			);
			path = Utils;
			sourceTree = "<group>";
		};
		9B47141028E2460E00791E0C /* LoaderView */ = {
			isa = PBXGroup;
			children = (
				9B47141128E2462A00791E0C /* LoaderView.swift */,
			);
			path = LoaderView;
			sourceTree = "<group>";
		};
		9B622CDD28D880D70014DF11 /* Constants */ = {
			isa = PBXGroup;
			children = (
				9BD0EDE528D1D2FC00ACF719 /* StringConstants.swift */,
				9B622CDE28D881A50014DF11 /* ColorConstants.swift */,
				9B622CE028D881B60014DF11 /* SizeConstants.swift */,
				9B622CE228D881C60014DF11 /* InfoLabelContsants.swift */,
				9B622CE528D88A720014DF11 /* IconConstants.swift */,
			);
			path = Constants;
			sourceTree = "<group>";
		};
		9BD0EDE928D1E77300ACF719 /* PullRequestView */ = {
			isa = PBXGroup;
			children = (
				9BE74E3028D075F0002ABF80 /* PullRequestTableViewCell.swift */,
				060CA8DF285228E50053196E /* PullRequestViewController.swift */,
				9BE74E3228D07675002ABF80 /* LoaderViewCell.swift */,
				9BE0E91D28CB44750073719F /* ResponseModel.swift */,
				9BE74E2B28D06031002ABF80 /* PullRequestViewModel.swift */,
				9BE000C328D3265F0053854F /* PullRequestAPI.swift */,
			);
			path = PullRequestView;
			sourceTree = "<group>";
		};
		9BD0EDEA28D1E7D800ACF719 /* UserDetailView */ = {
			isa = PBXGroup;
			children = (
				9BD0EDEB28D1E8F900ACF719 /* UserDetailViewController.swift */,
				9B622CD828D7884D0014DF11 /* UserDetailViewCell.swift */,
				9BD0EDED28D1F77E00ACF719 /* UserDetailViewModel.swift */,
				9BD0EDEF28D1F7BE00ACF719 /* UserDetailModel.swift */,
				9BE000C528D326970053854F /* UserDetailAPI.swift */,
				9B622CDA28D7A97E0014DF11 /* ProfileImgTableViewCell.swift */,
			);
			path = UserDetailView;
			sourceTree = "<group>";
		};
		9BE0E91628CB41360073719F /* Frameworks */ = {
			isa = PBXGroup;
			children = (
				3C5D0A31979953534A04FB9E /* Pods_iOSLearningApp.framework */,
			);
			name = Frameworks;
			sourceTree = "<group>";
		};
		F4C549F4B71131AA99E71056 /* Pods */ = {
			isa = PBXGroup;
			children = (
				999E3FD61687F38B8C9B9F73 /* Pods-iOSLearningApp.debug.xcconfig */,
				CA2B8381D38986777DE62D03 /* Pods-iOSLearningApp.release.xcconfig */,
			);
			path = Pods;
			sourceTree = "<group>";
		};
/* End PBXGroup section */

/* Begin PBXNativeTarget section */
		060CA8D7285228E50053196E /* iOSLearningApp */ = {
			isa = PBXNativeTarget;
			buildConfigurationList = 060CA8EC285228E70053196E /* Build configuration list for PBXNativeTarget "iOSLearningApp" */;
			buildPhases = (
				0D33E4BD5B4FA5339CFB5585 /* [CP] Check Pods Manifest.lock */,
				060CA8D4285228E50053196E /* Sources */,
				060CA8D5285228E50053196E /* Frameworks */,
				060CA8D6285228E50053196E /* Resources */,
				9BE0E91A28CB41360073719F /* Embed Frameworks */,
				B2DEBC270753BFD854E08D7F /* [CP] Embed Pods Frameworks */,
			);
			buildRules = (
			);
			dependencies = (
			);
			name = iOSLearningApp;
			packageProductDependencies = (
				0652EE8F28CB37FB00470050 /* SnapKit */,
			);
			productName = iOSLearningApp;
			productReference = 060CA8D8285228E50053196E /* iOSLearningApp.app */;
			productType = "com.apple.product-type.application";
		};
/* End PBXNativeTarget section */

/* Begin PBXProject section */
		060CA8D0285228E50053196E /* Project object */ = {
			isa = PBXProject;
			attributes = {
				BuildIndependentTargetsInParallel = 1;
				LastSwiftUpdateCheck = 1330;
				LastUpgradeCheck = 1330;
				TargetAttributes = {
					060CA8D7285228E50053196E = {
						CreatedOnToolsVersion = 13.3.1;
						LastSwiftMigration = 1340;
					};
				};
			};
			buildConfigurationList = 060CA8D3285228E50053196E /* Build configuration list for PBXProject "iOSLearningApp" */;
			compatibilityVersion = "Xcode 13.0";
			developmentRegion = en;
			hasScannedForEncodings = 0;
			knownRegions = (
				en,
				Base,
			);
			mainGroup = 060CA8CF285228E50053196E;
			packageReferences = (
				060CA8F828522BFF0053196E /* XCRemoteSwiftPackageReference "SnapKit" */,
				0652EE8E28CB37FA00470050 /* XCRemoteSwiftPackageReference "SnapKit" */,
			);
			productRefGroup = 060CA8D9285228E50053196E /* Products */;
			projectDirPath = "";
			projectRoot = "";
			targets = (
				060CA8D7285228E50053196E /* iOSLearningApp */,
			);
		};
/* End PBXProject section */

/* Begin PBXResourcesBuildPhase section */
		060CA8D6285228E50053196E /* Resources */ = {
			isa = PBXResourcesBuildPhase;
			buildActionMask = 2147483647;
			files = (
				060CA8E8285228E70053196E /* LaunchScreen.storyboard in Resources */,
				060CA8E5285228E70053196E /* Assets.xcassets in Resources */,
			);
			runOnlyForDeploymentPostprocessing = 0;
		};
/* End PBXResourcesBuildPhase section */

/* Begin PBXShellScriptBuildPhase section */
		0D33E4BD5B4FA5339CFB5585 /* [CP] Check Pods Manifest.lock */ = {
			isa = PBXShellScriptBuildPhase;
			buildActionMask = 2147483647;
			files = (
			);
			inputFileListPaths = (
			);
			inputPaths = (
				"${PODS_PODFILE_DIR_PATH}/Podfile.lock",
				"${PODS_ROOT}/Manifest.lock",
			);
			name = "[CP] Check Pods Manifest.lock";
			outputFileListPaths = (
			);
			outputPaths = (
				"$(DERIVED_FILE_DIR)/Pods-iOSLearningApp-checkManifestLockResult.txt",
			);
			runOnlyForDeploymentPostprocessing = 0;
			shellPath = /bin/sh;
			shellScript = "diff \"${PODS_PODFILE_DIR_PATH}/Podfile.lock\" \"${PODS_ROOT}/Manifest.lock\" > /dev/null\nif [ $? != 0 ] ; then\n    # print error to STDERR\n    echo \"error: The sandbox is not in sync with the Podfile.lock. Run 'pod install' or update your CocoaPods installation.\" >&2\n    exit 1\nfi\n# This output is used by Xcode 'outputs' to avoid re-running this script phase.\necho \"SUCCESS\" > \"${SCRIPT_OUTPUT_FILE_0}\"\n";
			showEnvVarsInLog = 0;
		};
		B2DEBC270753BFD854E08D7F /* [CP] Embed Pods Frameworks */ = {
			isa = PBXShellScriptBuildPhase;
			buildActionMask = 2147483647;
			files = (
			);
			inputFileListPaths = (
				"${PODS_ROOT}/Target Support Files/Pods-iOSLearningApp/Pods-iOSLearningApp-frameworks-${CONFIGURATION}-input-files.xcfilelist",
			);
			name = "[CP] Embed Pods Frameworks";
			outputFileListPaths = (
				"${PODS_ROOT}/Target Support Files/Pods-iOSLearningApp/Pods-iOSLearningApp-frameworks-${CONFIGURATION}-output-files.xcfilelist",
			);
			runOnlyForDeploymentPostprocessing = 0;
			shellPath = /bin/sh;
			shellScript = "\"${PODS_ROOT}/Target Support Files/Pods-iOSLearningApp/Pods-iOSLearningApp-frameworks.sh\"\n";
			showEnvVarsInLog = 0;
		};
/* End PBXShellScriptBuildPhase section */

/* Begin PBXSourcesBuildPhase section */
		060CA8D4285228E50053196E /* Sources */ = {
			isa = PBXSourcesBuildPhase;
			buildActionMask = 2147483647;
			files = (
				9BE74E3128D075F0002ABF80 /* PullRequestTableViewCell.swift in Sources */,
				9B47141228E2462A00791E0C /* LoaderView.swift in Sources */,
				9B622CE628D88A720014DF11 /* IconConstants.swift in Sources */,
				9BE000C428D3265F0053854F /* PullRequestAPI.swift in Sources */,
				9BE0E91E28CB44750073719F /* ResponseModel.swift in Sources */,
				060CA8E0285228E50053196E /* PullRequestViewController.swift in Sources */,
				9B622CE128D881B60014DF11 /* SizeConstants.swift in Sources */,
				9BD0EDEE28D1F77E00ACF719 /* UserDetailViewModel.swift in Sources */,
				060CA8DC285228E50053196E /* AppDelegate.swift in Sources */,
				9BE74E2C28D06031002ABF80 /* PullRequestViewModel.swift in Sources */,
				9BD0EDF028D1F7BE00ACF719 /* UserDetailModel.swift in Sources */,
				9B622CDF28D881A50014DF11 /* ColorConstants.swift in Sources */,
				9BD0EDEC28D1E8F900ACF719 /* UserDetailViewController.swift in Sources */,
				9B622CDB28D7A97E0014DF11 /* ProfileImgTableViewCell.swift in Sources */,
				9B622CE328D881C60014DF11 /* InfoLabelContsants.swift in Sources */,
				060CA8DE285228E50053196E /* SceneDelegate.swift in Sources */,
				9B622CD928D7884D0014DF11 /* UserDetailViewCell.swift in Sources */,
				9B0F541F28DB0A0400DB21AF /* Utils.swift in Sources */,
				9BE74E3328D07675002ABF80 /* LoaderViewCell.swift in Sources */,
				9BD0EDE628D1D2FC00ACF719 /* StringConstants.swift in Sources */,
				9BE000C628D326970053854F /* UserDetailAPI.swift in Sources */,
			);
			runOnlyForDeploymentPostprocessing = 0;
		};
/* End PBXSourcesBuildPhase section */

/* Begin PBXVariantGroup section */
		060CA8E6285228E70053196E /* LaunchScreen.storyboard */ = {
			isa = PBXVariantGroup;
			children = (
				060CA8E7285228E70053196E /* Base */,
			);
			name = LaunchScreen.storyboard;
			sourceTree = "<group>";
		};
/* End PBXVariantGroup section */

/* Begin XCBuildConfiguration section */
		060CA8EA285228E70053196E /* Debug */ = {
			isa = XCBuildConfiguration;
			buildSettings = {
				ALWAYS_SEARCH_USER_PATHS = NO;
				CLANG_ANALYZER_NONNULL = YES;
				CLANG_ANALYZER_NUMBER_OBJECT_CONVERSION = YES_AGGRESSIVE;
				CLANG_CXX_LANGUAGE_STANDARD = "gnu++17";
				CLANG_ENABLE_MODULES = YES;
				CLANG_ENABLE_OBJC_ARC = YES;
				CLANG_ENABLE_OBJC_WEAK = YES;
				CLANG_WARN_BLOCK_CAPTURE_AUTORELEASING = YES;
				CLANG_WARN_BOOL_CONVERSION = YES;
				CLANG_WARN_COMMA = YES;
				CLANG_WARN_CONSTANT_CONVERSION = YES;
				CLANG_WARN_DEPRECATED_OBJC_IMPLEMENTATIONS = YES;
				CLANG_WARN_DIRECT_OBJC_ISA_USAGE = YES_ERROR;
				CLANG_WARN_DOCUMENTATION_COMMENTS = YES;
				CLANG_WARN_EMPTY_BODY = YES;
				CLANG_WARN_ENUM_CONVERSION = YES;
				CLANG_WARN_INFINITE_RECURSION = YES;
				CLANG_WARN_INT_CONVERSION = YES;
				CLANG_WARN_NON_LITERAL_NULL_CONVERSION = YES;
				CLANG_WARN_OBJC_IMPLICIT_RETAIN_SELF = YES;
				CLANG_WARN_OBJC_LITERAL_CONVERSION = YES;
				CLANG_WARN_OBJC_ROOT_CLASS = YES_ERROR;
				CLANG_WARN_QUOTED_INCLUDE_IN_FRAMEWORK_HEADER = YES;
				CLANG_WARN_RANGE_LOOP_ANALYSIS = YES;
				CLANG_WARN_STRICT_PROTOTYPES = YES;
				CLANG_WARN_SUSPICIOUS_MOVE = YES;
				CLANG_WARN_UNGUARDED_AVAILABILITY = YES_AGGRESSIVE;
				CLANG_WARN_UNREACHABLE_CODE = YES;
				CLANG_WARN__DUPLICATE_METHOD_MATCH = YES;
				COPY_PHASE_STRIP = NO;
				DEBUG_INFORMATION_FORMAT = dwarf;
				ENABLE_STRICT_OBJC_MSGSEND = YES;
				ENABLE_TESTABILITY = YES;
				GCC_C_LANGUAGE_STANDARD = gnu11;
				GCC_DYNAMIC_NO_PIC = NO;
				GCC_NO_COMMON_BLOCKS = YES;
				GCC_OPTIMIZATION_LEVEL = 0;
				GCC_PREPROCESSOR_DEFINITIONS = (
					"DEBUG=1",
					"$(inherited)",
				);
				GCC_WARN_64_TO_32_BIT_CONVERSION = YES;
				GCC_WARN_ABOUT_RETURN_TYPE = YES_ERROR;
				GCC_WARN_UNDECLARED_SELECTOR = YES;
				GCC_WARN_UNINITIALIZED_AUTOS = YES_AGGRESSIVE;
				GCC_WARN_UNUSED_FUNCTION = YES;
				GCC_WARN_UNUSED_VARIABLE = YES;
				IPHONEOS_DEPLOYMENT_TARGET = 15.5;
				MTL_ENABLE_DEBUG_INFO = INCLUDE_SOURCE;
				MTL_FAST_MATH = YES;
				ONLY_ACTIVE_ARCH = YES;
				SDKROOT = iphoneos;
				SWIFT_ACTIVE_COMPILATION_CONDITIONS = DEBUG;
				SWIFT_OPTIMIZATION_LEVEL = "-Onone";
			};
			name = Debug;
		};
		060CA8EB285228E70053196E /* Release */ = {
			isa = XCBuildConfiguration;
			buildSettings = {
				ALWAYS_SEARCH_USER_PATHS = NO;
				CLANG_ANALYZER_NONNULL = YES;
				CLANG_ANALYZER_NUMBER_OBJECT_CONVERSION = YES_AGGRESSIVE;
				CLANG_CXX_LANGUAGE_STANDARD = "gnu++17";
				CLANG_ENABLE_MODULES = YES;
				CLANG_ENABLE_OBJC_ARC = YES;
				CLANG_ENABLE_OBJC_WEAK = YES;
				CLANG_WARN_BLOCK_CAPTURE_AUTORELEASING = YES;
				CLANG_WARN_BOOL_CONVERSION = YES;
				CLANG_WARN_COMMA = YES;
				CLANG_WARN_CONSTANT_CONVERSION = YES;
				CLANG_WARN_DEPRECATED_OBJC_IMPLEMENTATIONS = YES;
				CLANG_WARN_DIRECT_OBJC_ISA_USAGE = YES_ERROR;
				CLANG_WARN_DOCUMENTATION_COMMENTS = YES;
				CLANG_WARN_EMPTY_BODY = YES;
				CLANG_WARN_ENUM_CONVERSION = YES;
				CLANG_WARN_INFINITE_RECURSION = YES;
				CLANG_WARN_INT_CONVERSION = YES;
				CLANG_WARN_NON_LITERAL_NULL_CONVERSION = YES;
				CLANG_WARN_OBJC_IMPLICIT_RETAIN_SELF = YES;
				CLANG_WARN_OBJC_LITERAL_CONVERSION = YES;
				CLANG_WARN_OBJC_ROOT_CLASS = YES_ERROR;
				CLANG_WARN_QUOTED_INCLUDE_IN_FRAMEWORK_HEADER = YES;
				CLANG_WARN_RANGE_LOOP_ANALYSIS = YES;
				CLANG_WARN_STRICT_PROTOTYPES = YES;
				CLANG_WARN_SUSPICIOUS_MOVE = YES;
				CLANG_WARN_UNGUARDED_AVAILABILITY = YES_AGGRESSIVE;
				CLANG_WARN_UNREACHABLE_CODE = YES;
				CLANG_WARN__DUPLICATE_METHOD_MATCH = YES;
				COPY_PHASE_STRIP = NO;
				DEBUG_INFORMATION_FORMAT = "dwarf-with-dsym";
				ENABLE_NS_ASSERTIONS = NO;
				ENABLE_STRICT_OBJC_MSGSEND = YES;
				GCC_C_LANGUAGE_STANDARD = gnu11;
				GCC_NO_COMMON_BLOCKS = YES;
				GCC_WARN_64_TO_32_BIT_CONVERSION = YES;
				GCC_WARN_ABOUT_RETURN_TYPE = YES_ERROR;
				GCC_WARN_UNDECLARED_SELECTOR = YES;
				GCC_WARN_UNINITIALIZED_AUTOS = YES_AGGRESSIVE;
				GCC_WARN_UNUSED_FUNCTION = YES;
				GCC_WARN_UNUSED_VARIABLE = YES;
				IPHONEOS_DEPLOYMENT_TARGET = 15.5;
				MTL_ENABLE_DEBUG_INFO = NO;
				MTL_FAST_MATH = YES;
				SDKROOT = iphoneos;
				SWIFT_COMPILATION_MODE = wholemodule;
				SWIFT_OPTIMIZATION_LEVEL = "-O";
				VALIDATE_PRODUCT = YES;
			};
			name = Release;
		};
		060CA8ED285228E70053196E /* Debug */ = {
			isa = XCBuildConfiguration;
			baseConfigurationReference = 999E3FD61687F38B8C9B9F73 /* Pods-iOSLearningApp.debug.xcconfig */;
			buildSettings = {
				ASSETCATALOG_COMPILER_APPICON_NAME = AppIcon;
				ASSETCATALOG_COMPILER_GLOBAL_ACCENT_COLOR_NAME = AccentColor;
				CLANG_ENABLE_MODULES = YES;
				CODE_SIGN_STYLE = Automatic;
				CURRENT_PROJECT_VERSION = 1;
				GENERATE_INFOPLIST_FILE = YES;
				INFOPLIST_FILE = iOSLearningApp/Info.plist;
				INFOPLIST_KEY_UIApplicationSupportsIndirectInputEvents = YES;
				INFOPLIST_KEY_UILaunchStoryboardName = LaunchScreen;
				INFOPLIST_KEY_UISupportedInterfaceOrientations_iPad = "UIInterfaceOrientationPortrait UIInterfaceOrientationPortraitUpsideDown UIInterfaceOrientationLandscapeLeft UIInterfaceOrientationLandscapeRight";
				INFOPLIST_KEY_UISupportedInterfaceOrientations_iPhone = "UIInterfaceOrientationPortrait UIInterfaceOrientationLandscapeLeft UIInterfaceOrientationLandscapeRight";
				LD_RUNPATH_SEARCH_PATHS = (
					"$(inherited)",
					"@executable_path/Frameworks",
				);
				MARKETING_VERSION = 1.0;
				PRODUCT_BUNDLE_IDENTIFIER = com.gonavi.app.iOSLearningApp;
				PRODUCT_NAME = "$(TARGET_NAME)";
				SWIFT_EMIT_LOC_STRINGS = YES;
				SWIFT_OPTIMIZATION_LEVEL = "-Onone";
				SWIFT_VERSION = 5.0;
				TARGETED_DEVICE_FAMILY = 1;
			};
			name = Debug;
		};
		060CA8EE285228E70053196E /* Release */ = {
			isa = XCBuildConfiguration;
			baseConfigurationReference = CA2B8381D38986777DE62D03 /* Pods-iOSLearningApp.release.xcconfig */;
			buildSettings = {
				ASSETCATALOG_COMPILER_APPICON_NAME = AppIcon;
				ASSETCATALOG_COMPILER_GLOBAL_ACCENT_COLOR_NAME = AccentColor;
				CLANG_ENABLE_MODULES = YES;
				CODE_SIGN_STYLE = Automatic;
				CURRENT_PROJECT_VERSION = 1;
				GENERATE_INFOPLIST_FILE = YES;
				INFOPLIST_FILE = iOSLearningApp/Info.plist;
				INFOPLIST_KEY_UIApplicationSupportsIndirectInputEvents = YES;
				INFOPLIST_KEY_UILaunchStoryboardName = LaunchScreen;
				INFOPLIST_KEY_UISupportedInterfaceOrientations_iPad = "UIInterfaceOrientationPortrait UIInterfaceOrientationPortraitUpsideDown UIInterfaceOrientationLandscapeLeft UIInterfaceOrientationLandscapeRight";
				INFOPLIST_KEY_UISupportedInterfaceOrientations_iPhone = "UIInterfaceOrientationPortrait UIInterfaceOrientationLandscapeLeft UIInterfaceOrientationLandscapeRight";
				LD_RUNPATH_SEARCH_PATHS = (
					"$(inherited)",
					"@executable_path/Frameworks",
				);
				MARKETING_VERSION = 1.0;
				PRODUCT_BUNDLE_IDENTIFIER = com.gonavi.app.iOSLearningApp;
				PRODUCT_NAME = "$(TARGET_NAME)";
				SWIFT_EMIT_LOC_STRINGS = YES;
				SWIFT_VERSION = 5.0;
				TARGETED_DEVICE_FAMILY = 1;
			};
			name = Release;
		};
/* End XCBuildConfiguration section */

/* Begin XCConfigurationList section */
		060CA8D3285228E50053196E /* Build configuration list for PBXProject "iOSLearningApp" */ = {
			isa = XCConfigurationList;
			buildConfigurations = (
				060CA8EA285228E70053196E /* Debug */,
				060CA8EB285228E70053196E /* Release */,
			);
			defaultConfigurationIsVisible = 0;
			defaultConfigurationName = Release;
		};
		060CA8EC285228E70053196E /* Build configuration list for PBXNativeTarget "iOSLearningApp" */ = {
			isa = XCConfigurationList;
			buildConfigurations = (
				060CA8ED285228E70053196E /* Debug */,
				060CA8EE285228E70053196E /* Release */,
			);
			defaultConfigurationIsVisible = 0;
			defaultConfigurationName = Release;
		};
/* End XCConfigurationList section */

/* Begin XCRemoteSwiftPackageReference section */
		060CA8F828522BFF0053196E /* XCRemoteSwiftPackageReference "SnapKit" */ = {
			isa = XCRemoteSwiftPackageReference;
			repositoryURL = "https://github.com/SnapKit/SnapKit";
			requirement = {
				kind = exactVersion;
				version = 5.6.0;
			};
		};
		0652EE8E28CB37FA00470050 /* XCRemoteSwiftPackageReference "SnapKit" */ = {
			isa = XCRemoteSwiftPackageReference;
			repositoryURL = "https://github.com/SnapKit/SnapKit";
			requirement = {
				kind = exactVersion;
				version = 5.6.0;
			};
		};
/* End XCRemoteSwiftPackageReference section */

/* Begin XCSwiftPackageProductDependency section */
		0652EE8F28CB37FB00470050 /* SnapKit */ = {
			isa = XCSwiftPackageProductDependency;
			package = 060CA8F828522BFF0053196E /* XCRemoteSwiftPackageReference "SnapKit" */;
			productName = SnapKit;
		};
/* End XCSwiftPackageProductDependency section */
	};
	rootObject = 060CA8D0285228E50053196E /* Project object */;
}
